
Microsoft Visual Studio Solution File, Format Version 12.00
# Visual Studio Version 17
VisualStudioVersion = 17.13.35931.197 d17.13
MinimumVisualStudioVersion = 10.0.40219.1
Project("{FAE04EC0-301F-11D3-BF4B-00C04F79EFBC}") = "MyFirstAPI", "MyFirstAPI\MyFirstAPI.csproj", "{8CD7B9D8-F11E-41F9-A97F-715302A98B1C}"
EndProject
Global
	GlobalSection(SolutionConfigurationPlatforms) = preSolution
		Debug|Any CPU = Debug|Any CPU
		Release|Any CPU = Release|Any CPU
	EndGlobalSection
	GlobalSection(ProjectConfigurationPlatforms) = postSolution
		{8CD7B9D8-F11E-41F9-A97F-715302A98B1C}.Debug|Any CPU.ActiveCfg = Debug|Any CPU
		{8CD7B9D8-F11E-41F9-A97F-715302A98B1C}.Debug|Any CPU.Build.0 = Debug|Any CPU
		{8CD7B9D8-F11E-41F9-A97F-715302A98B1C}.Release|Any CPU.ActiveCfg = Release|Any CPU
		{8CD7B9D8-F11E-41F9-A97F-715302A98B1C}.Release|Any CPU.Build.0 = Release|Any CPU
	EndGlobalSection
	GlobalSection(SolutionProperties) = preSolution
		HideSolutionNode = FALSE
	EndGlobalSection
	GlobalSection(ExtensibilityGlobals) = postSolution
		SolutionGuid = {A7B88A89-11AD-4D04-95A4-DBE55CC6FE8E}
	EndGlobalSection
EndGlobal
